
Microsoft Visual Studio Solution File, Format Version 12.00
# Visual Studio Version 17
VisualStudioVersion = 17.8.34309.116
MinimumVisualStudioVersion = 10.0.40219.1
Project("{FAE04EC0-301F-11D3-BF4B-00C04F79EFBC}") = "ALAWPF", "ALAWPF.csproj", "{ED00D4C5-164F-46C9-9434-A4181156B41E}"
EndProject
Global
	GlobalSection(SolutionConfigurationPlatforms) = preSolution
		Debug|Any CPU = Debug|Any CPU
		Release|Any CPU = Release|Any CPU
	EndGlobalSection
	GlobalSection(ProjectConfigurationPlatforms) = postSolution
		{ED00D4C5-164F-46C9-9434-A4181156B41E}.Debug|Any CPU.ActiveCfg = Debug|Any CPU
		{ED00D4C5-164F-46C9-9434-A4181156B41E}.Debug|Any CPU.Build.0 = Debug|Any CPU
		{ED00D4C5-164F-46C9-9434-A4181156B41E}.Release|Any CPU.ActiveCfg = Release|Any CPU
		{ED00D4C5-164F-46C9-9434-A4181156B41E}.Release|Any CPU.Build.0 = Release|Any CPU
	EndGlobalSection
	GlobalSection(SolutionProperties) = preSolution
		HideSolutionNode = FALSE
	EndGlobalSection
	GlobalSection(ExtensibilityGlobals) = postSolution
		SolutionGuid = {0872C1D3-1D8B-4DDE-92FA-3A5E0C310DE3}
	EndGlobalSection
EndGlobal
